
Microsoft Visual Studio Solution File, Format Version 12.00
# Visual Studio 15
VisualStudioVersion = 15.0.27703.2047
MinimumVisualStudioVersion = 10.0.40219.1
Project("{9A19103F-16F7-4668-BE54-9A1E7A4F7556}") = "AfterHope", "AfterHope\AfterHope.csproj", "{B6DEA803-E952-472D-958F-9F190FE29869}"
EndProject
Project("{FAE04EC0-301F-11D3-BF4B-00C04F79EFBC}") = "AfterHope.Exporting", "AfterHope.Exporting\AfterHope.Exporting.csproj", "{E58D09A1-1C6B-44A4-8B78-361622AC3E08}"
EndProject
Project("{FAE04EC0-301F-11D3-BF4B-00C04F79EFBC}") = "AfterHope.Data", "AfterHope.Data\AfterHope.Data.csproj", "{81FCC85E-3C3D-4260-8515-CD6304C14B10}"
EndProject
Global
	GlobalSection(SolutionConfigurationPlatforms) = preSolution
		Debug|Any CPU = Debug|Any CPU
		Release|Any CPU = Release|Any CPU
	EndGlobalSection
	GlobalSection(ProjectConfigurationPlatforms) = postSolution
		{B6DEA803-E952-472D-958F-9F190FE29869}.Debug|Any CPU.ActiveCfg = Debug|Any CPU
		{B6DEA803-E952-472D-958F-9F190FE29869}.Debug|Any CPU.Build.0 = Debug|Any CPU
		{B6DEA803-E952-472D-958F-9F190FE29869}.Release|Any CPU.ActiveCfg = Release|Any CPU
		{B6DEA803-E952-472D-958F-9F190FE29869}.Release|Any CPU.Build.0 = Release|Any CPU
		{E58D09A1-1C6B-44A4-8B78-361622AC3E08}.Debug|Any CPU.ActiveCfg = Debug|Any CPU
		{E58D09A1-1C6B-44A4-8B78-361622AC3E08}.Debug|Any CPU.Build.0 = Debug|Any CPU
		{E58D09A1-1C6B-44A4-8B78-361622AC3E08}.Release|Any CPU.ActiveCfg = Release|Any CPU
		{E58D09A1-1C6B-44A4-8B78-361622AC3E08}.Release|Any CPU.Build.0 = Release|Any CPU
		{81FCC85E-3C3D-4260-8515-CD6304C14B10}.Debug|Any CPU.ActiveCfg = Debug|Any CPU
		{81FCC85E-3C3D-4260-8515-CD6304C14B10}.Debug|Any CPU.Build.0 = Debug|Any CPU
		{81FCC85E-3C3D-4260-8515-CD6304C14B10}.Release|Any CPU.ActiveCfg = Release|Any CPU
		{81FCC85E-3C3D-4260-8515-CD6304C14B10}.Release|Any CPU.Build.0 = Release|Any CPU
	EndGlobalSection
	GlobalSection(SolutionProperties) = preSolution
		HideSolutionNode = FALSE
	EndGlobalSection
	GlobalSection(ExtensibilityGlobals) = postSolution
		SolutionGuid = {6A049D90-2A92-469D-8D2D-E34AF9625680}
	EndGlobalSection
EndGlobal
